
Microsoft Visual Studio Solution File, Format Version 12.00
# Visual Studio Version 17
VisualStudioVersion = 17.4.33213.308
MinimumVisualStudioVersion = 10.0.40219.1
Project("{FAE04EC0-301F-11D3-BF4B-00C04F79EFBC}") = "WpfApp1", "WpfApp1.csproj", "{AC062F63-98E9-4FBF-A8F0-526A233CE200}"
EndProject
Global
	GlobalSection(SolutionConfigurationPlatforms) = preSolution
		Debug|Any CPU = Debug|Any CPU
		Release|Any CPU = Release|Any CPU
	EndGlobalSection
	GlobalSection(ProjectConfigurationPlatforms) = postSolution
		{AC062F63-98E9-4FBF-A8F0-526A233CE200}.Debug|Any CPU.ActiveCfg = Debug|Any CPU
		{AC062F63-98E9-4FBF-A8F0-526A233CE200}.Debug|Any CPU.Build.0 = Debug|Any CPU
		{AC062F63-98E9-4FBF-A8F0-526A233CE200}.Release|Any CPU.ActiveCfg = Release|Any CPU
		{AC062F63-98E9-4FBF-A8F0-526A233CE200}.Release|Any CPU.Build.0 = Release|Any CPU
	EndGlobalSection
	GlobalSection(SolutionProperties) = preSolution
		HideSolutionNode = FALSE
	EndGlobalSection
	GlobalSection(ExtensibilityGlobals) = postSolution
		SolutionGuid = {7194D4A0-1ADA-41BC-A554-9C4D0F1A5D86}
	EndGlobalSection
EndGlobal
